
Microsoft Visual Studio Solution File, Format Version 12.00
# Visual Studio Version 17
VisualStudioVersion = 17.10.35027.167
MinimumVisualStudioVersion = 10.0.40219.1
Project("{FAE04EC0-301F-11D3-BF4B-00C04F79EFBC}") = "Phone_call_Billing", "Phone_call_Billing\Phone_call_Billing.csproj", "{319EB5D8-25FC-4D1A-B8B6-5DCD5E1BD1B9}"
EndProject
Global
	GlobalSection(SolutionConfigurationPlatforms) = preSolution
		Debug|Any CPU = Debug|Any CPU
		Release|Any CPU = Release|Any CPU
	EndGlobalSection
	GlobalSection(ProjectConfigurationPlatforms) = postSolution
		{319EB5D8-25FC-4D1A-B8B6-5DCD5E1BD1B9}.Debug|Any CPU.ActiveCfg = Debug|Any CPU
		{319EB5D8-25FC-4D1A-B8B6-5DCD5E1BD1B9}.Debug|Any CPU.Build.0 = Debug|Any CPU
		{319EB5D8-25FC-4D1A-B8B6-5DCD5E1BD1B9}.Release|Any CPU.ActiveCfg = Release|Any CPU
		{319EB5D8-25FC-4D1A-B8B6-5DCD5E1BD1B9}.Release|Any CPU.Build.0 = Release|Any CPU
	EndGlobalSection
	GlobalSection(SolutionProperties) = preSolution
		HideSolutionNode = FALSE
	EndGlobalSection
	GlobalSection(ExtensibilityGlobals) = postSolution
		SolutionGuid = {C5CC3AEA-3B6C-4E93-BCFF-97F29251D54B}
	EndGlobalSection
EndGlobal
